
Microsoft Visual Studio Solution File, Format Version 12.00
# Visual Studio 2012
Project("{FAE04EC0-301F-11D3-BF4B-00C04F79EFBC}") = "CarmaCustomerService", "CarmaCustomerService\CarmaCustomerService.csproj", "{31BCEF1F-0362-4B48-BC2E-8DC4B8EAC7CA}"
EndProject
Project("{FAE04EC0-301F-11D3-BF4B-00C04F79EFBC}") = "CarmaCustomerService.Tests", "CarmaCustomerService.Tests\CarmaCustomerService.Tests.csproj", "{C3536CE4-89FA-4F6A-9EBC-7898F86124B1}"
EndProject
Global
	GlobalSection(SolutionConfigurationPlatforms) = preSolution
		Debug|Any CPU = Debug|Any CPU
		Release|Any CPU = Release|Any CPU
	EndGlobalSection
	GlobalSection(ProjectConfigurationPlatforms) = postSolution
		{31BCEF1F-0362-4B48-BC2E-8DC4B8EAC7CA}.Debug|Any CPU.ActiveCfg = Debug|Any CPU
		{31BCEF1F-0362-4B48-BC2E-8DC4B8EAC7CA}.Debug|Any CPU.Build.0 = Debug|Any CPU
		{31BCEF1F-0362-4B48-BC2E-8DC4B8EAC7CA}.Release|Any CPU.ActiveCfg = Release|Any CPU
		{31BCEF1F-0362-4B48-BC2E-8DC4B8EAC7CA}.Release|Any CPU.Build.0 = Release|Any CPU
		{C3536CE4-89FA-4F6A-9EBC-7898F86124B1}.Debug|Any CPU.ActiveCfg = Debug|Any CPU
		{C3536CE4-89FA-4F6A-9EBC-7898F86124B1}.Debug|Any CPU.Build.0 = Debug|Any CPU
		{C3536CE4-89FA-4F6A-9EBC-7898F86124B1}.Release|Any CPU.ActiveCfg = Release|Any CPU
		{C3536CE4-89FA-4F6A-9EBC-7898F86124B1}.Release|Any CPU.Build.0 = Release|Any CPU
	EndGlobalSection
	GlobalSection(SolutionProperties) = preSolution
		HideSolutionNode = FALSE
	EndGlobalSection
EndGlobal
